
Microsoft Visual Studio Solution File, Format Version 12.00
# Visual Studio Version 17
VisualStudioVersion = 17.5.33627.172
MinimumVisualStudioVersion = 10.0.40219.1
Project("{FAE04EC0-301F-11D3-BF4B-00C04F79EFBC}") = "Servidor", "Servidor\Servidor.csproj", "{0E2F6C93-9906-4932-BFFC-C59F841B6D37}"
EndProject
Project("{FAE04EC0-301F-11D3-BF4B-00C04F79EFBC}") = "Cliente", "Cliente\Cliente.csproj", "{0B973B0E-4A20-4CF7-A70E-C4134F9D1F13}"
EndProject
Global
	GlobalSection(SolutionConfigurationPlatforms) = preSolution
		Debug|Any CPU = Debug|Any CPU
		Release|Any CPU = Release|Any CPU
	EndGlobalSection
	GlobalSection(ProjectConfigurationPlatforms) = postSolution
		{0E2F6C93-9906-4932-BFFC-C59F841B6D37}.Debug|Any CPU.ActiveCfg = Debug|Any CPU
		{0E2F6C93-9906-4932-BFFC-C59F841B6D37}.Debug|Any CPU.Build.0 = Debug|Any CPU
		{0E2F6C93-9906-4932-BFFC-C59F841B6D37}.Release|Any CPU.ActiveCfg = Release|Any CPU
		{0E2F6C93-9906-4932-BFFC-C59F841B6D37}.Release|Any CPU.Build.0 = Release|Any CPU
		{0B973B0E-4A20-4CF7-A70E-C4134F9D1F13}.Debug|Any CPU.ActiveCfg = Debug|Any CPU
		{0B973B0E-4A20-4CF7-A70E-C4134F9D1F13}.Debug|Any CPU.Build.0 = Debug|Any CPU
		{0B973B0E-4A20-4CF7-A70E-C4134F9D1F13}.Release|Any CPU.ActiveCfg = Release|Any CPU
		{0B973B0E-4A20-4CF7-A70E-C4134F9D1F13}.Release|Any CPU.Build.0 = Release|Any CPU
	EndGlobalSection
	GlobalSection(SolutionProperties) = preSolution
		HideSolutionNode = FALSE
	EndGlobalSection
	GlobalSection(ExtensibilityGlobals) = postSolution
		SolutionGuid = {9DF1048C-40DB-471B-A9B7-6A65B6D0AD8F}
	EndGlobalSection
EndGlobal
